// !$*UTF8*$!
{
	archiveVersion = 1;
	classes = {
	};
	objectVersion = 56;
	objects = {

/* Begin PBXBuildFile section */
		939DE0A029C6ABBC002337AF /* AppDelegate.swift in Sources */ = {isa = PBXBuildFile; fileRef = 939DE09F29C6ABBC002337AF /* AppDelegate.swift */; };
		939DE0A229C6ABBC002337AF /* SceneDelegate.swift in Sources */ = {isa = PBXBuildFile; fileRef = 939DE0A129C6ABBC002337AF /* SceneDelegate.swift */; };
		939DE0A929C6ABBC002337AF /* Assets.xcassets in Resources */ = {isa = PBXBuildFile; fileRef = 939DE0A829C6ABBC002337AF /* Assets.xcassets */; };
		939DE0AC29C6ABBC002337AF /* LaunchScreen.storyboard in Resources */ = {isa = PBXBuildFile; fileRef = 939DE0AA29C6ABBC002337AF /* LaunchScreen.storyboard */; };
		939DE0B629C6AC49002337AF /* HomeVC.swift in Sources */ = {isa = PBXBuildFile; fileRef = 939DE0B529C6AC49002337AF /* HomeVC.swift */; };
		939DE0BA29C6ACDC002337AF /* LoginScreen.swift in Sources */ = {isa = PBXBuildFile; fileRef = 939DE0B929C6ACDC002337AF /* LoginScreen.swift */; };
		939DE0BD29C6AD46002337AF /* LoginVC.swift in Sources */ = {isa = PBXBuildFile; fileRef = 939DE0BC29C6AD46002337AF /* LoginVC.swift */; };
		9DC7F4141C00CCF1BCD715DD /* Pods_PrimeiroProjetoViewCode.framework in Frameworks */ = {isa = PBXBuildFile; fileRef = B1BF7A03EB2F6599C53659B2 /* Pods_PrimeiroProjetoViewCode.framework */; };
/* End PBXBuildFile section */

/* Begin PBXFileReference section */
		8108666DEA1C1F50250F2EC0 /* Pods-PrimeiroProjetoViewCode.release.xcconfig */ = {isa = PBXFileReference; includeInIndex = 1; lastKnownFileType = text.xcconfig; name = "Pods-PrimeiroProjetoViewCode.release.xcconfig"; path = "Target Support Files/Pods-PrimeiroProjetoViewCode/Pods-PrimeiroProjetoViewCode.release.xcconfig"; sourceTree = "<group>"; };
		939DE09C29C6ABBC002337AF /* PrimeiroProjetoViewCode.app */ = {isa = PBXFileReference; explicitFileType = wrapper.application; includeInIndex = 0; path = PrimeiroProjetoViewCode.app; sourceTree = BUILT_PRODUCTS_DIR; };
		939DE09F29C6ABBC002337AF /* AppDelegate.swift */ = {isa = PBXFileReference; lastKnownFileType = sourcecode.swift; path = AppDelegate.swift; sourceTree = "<group>"; };
		939DE0A129C6ABBC002337AF /* SceneDelegate.swift */ = {isa = PBXFileReference; lastKnownFileType = sourcecode.swift; path = SceneDelegate.swift; sourceTree = "<group>"; };
		939DE0A829C6ABBC002337AF /* Assets.xcassets */ = {isa = PBXFileReference; lastKnownFileType = folder.assetcatalog; path = Assets.xcassets; sourceTree = "<group>"; };
		939DE0AB29C6ABBC002337AF /* Base */ = {isa = PBXFileReference; lastKnownFileType = file.storyboard; name = Base; path = Base.lproj/LaunchScreen.storyboard; sourceTree = "<group>"; };
		939DE0AD29C6ABBC002337AF /* Info.plist */ = {isa = PBXFileReference; lastKnownFileType = text.plist.xml; path = Info.plist; sourceTree = "<group>"; };
		939DE0B529C6AC49002337AF /* HomeVC.swift */ = {isa = PBXFileReference; lastKnownFileType = sourcecode.swift; path = HomeVC.swift; sourceTree = "<group>"; };
		939DE0B929C6ACDC002337AF /* LoginScreen.swift */ = {isa = PBXFileReference; lastKnownFileType = sourcecode.swift; path = LoginScreen.swift; sourceTree = "<group>"; };
		939DE0BC29C6AD46002337AF /* LoginVC.swift */ = {isa = PBXFileReference; lastKnownFileType = sourcecode.swift; path = LoginVC.swift; sourceTree = "<group>"; };
		9F881A247FCB336BBBA5E981 /* Pods-PrimeiroProjetoViewCode.debug.xcconfig */ = {isa = PBXFileReference; includeInIndex = 1; lastKnownFileType = text.xcconfig; name = "Pods-PrimeiroProjetoViewCode.debug.xcconfig"; path = "Target Support Files/Pods-PrimeiroProjetoViewCode/Pods-PrimeiroProjetoViewCode.debug.xcconfig"; sourceTree = "<group>"; };
		B1BF7A03EB2F6599C53659B2 /* Pods_PrimeiroProjetoViewCode.framework */ = {isa = PBXFileReference; explicitFileType = wrapper.framework; includeInIndex = 0; path = Pods_PrimeiroProjetoViewCode.framework; sourceTree = BUILT_PRODUCTS_DIR; };
/* End PBXFileReference section */

/* Begin PBXFrameworksBuildPhase section */
		939DE09929C6ABBC002337AF /* Frameworks */ = {
			isa = PBXFrameworksBuildPhase;
			buildActionMask = 2147483647;
			files = (
				9DC7F4141C00CCF1BCD715DD /* Pods_PrimeiroProjetoViewCode.framework in Frameworks */,
			);
			runOnlyForDeploymentPostprocessing = 0;
		};
/* End PBXFrameworksBuildPhase section */

/* Begin PBXGroup section */
		6795ABB00CB4F966627ED37F /* Pods */ = {
			isa = PBXGroup;
			children = (
				9F881A247FCB336BBBA5E981 /* Pods-PrimeiroProjetoViewCode.debug.xcconfig */,
				8108666DEA1C1F50250F2EC0 /* Pods-PrimeiroProjetoViewCode.release.xcconfig */,
			);
			path = Pods;
			sourceTree = "<group>";
		};
		8A34C987BCCF1188A348DC8F /* Frameworks */ = {
			isa = PBXGroup;
			children = (
				B1BF7A03EB2F6599C53659B2 /* Pods_PrimeiroProjetoViewCode.framework */,
			);
			name = Frameworks;
			sourceTree = "<group>";
		};
		939DE09329C6ABBC002337AF = {
			isa = PBXGroup;
			children = (
				939DE09E29C6ABBC002337AF /* PrimeiroProjetoViewCode */,
				939DE09D29C6ABBC002337AF /* Products */,
				6795ABB00CB4F966627ED37F /* Pods */,
				8A34C987BCCF1188A348DC8F /* Frameworks */,
			);
			sourceTree = "<group>";
		};
		939DE09D29C6ABBC002337AF /* Products */ = {
			isa = PBXGroup;
			children = (
				939DE09C29C6ABBC002337AF /* PrimeiroProjetoViewCode.app */,
			);
			name = Products;
			sourceTree = "<group>";
		};
		939DE09E29C6ABBC002337AF /* PrimeiroProjetoViewCode */ = {
			isa = PBXGroup;
			children = (
				939DE0B329C6AC1E002337AF /* Home */,
				939DE0B729C6AC92002337AF /* Login */,
				939DE09F29C6ABBC002337AF /* AppDelegate.swift */,
				939DE0A129C6ABBC002337AF /* SceneDelegate.swift */,
				939DE0A829C6ABBC002337AF /* Assets.xcassets */,
				939DE0AA29C6ABBC002337AF /* LaunchScreen.storyboard */,
				939DE0AD29C6ABBC002337AF /* Info.plist */,
			);
			path = PrimeiroProjetoViewCode;
			sourceTree = "<group>";
		};
		939DE0B329C6AC1E002337AF /* Home */ = {
			isa = PBXGroup;
			children = (
				939DE0B429C6AC28002337AF /* VC */,
			);
			path = Home;
			sourceTree = "<group>";
		};
		939DE0B429C6AC28002337AF /* VC */ = {
			isa = PBXGroup;
			children = (
				939DE0B529C6AC49002337AF /* HomeVC.swift */,
			);
			path = VC;
			sourceTree = "<group>";
		};
		939DE0B729C6AC92002337AF /* Login */ = {
			isa = PBXGroup;
			children = (
				939DE0BB29C6AD0D002337AF /* VC */,
				939DE0B829C6AC9B002337AF /* Screen */,
			);
			path = Login;
			sourceTree = "<group>";
		};
		939DE0B829C6AC9B002337AF /* Screen */ = {
			isa = PBXGroup;
			children = (
				939DE0B929C6ACDC002337AF /* LoginScreen.swift */,
			);
			path = Screen;
			sourceTree = "<group>";
		};
		939DE0BB29C6AD0D002337AF /* VC */ = {
			isa = PBXGroup;
			children = (
				939DE0BC29C6AD46002337AF /* LoginVC.swift */,
			);
			path = VC;
			sourceTree = "<group>";
		};
/* End PBXGroup section */

/* Begin PBXNativeTarget section */
		939DE09B29C6ABBC002337AF /* PrimeiroProjetoViewCode */ = {
			isa = PBXNativeTarget;
			buildConfigurationList = 939DE0B029C6ABBC002337AF /* Build configuration list for PBXNativeTarget "PrimeiroProjetoViewCode" */;
			buildPhases = (
				45139A63BB73569EC68DCEA5 /* [CP] Check Pods Manifest.lock */,
				939DE09829C6ABBC002337AF /* Sources */,
				939DE09929C6ABBC002337AF /* Frameworks */,
				939DE09A29C6ABBC002337AF /* Resources */,
				C5FF05BC9D608BB1FFFEC133 /* [CP] Embed Pods Frameworks */,
			);
			buildRules = (
			);
			dependencies = (
			);
			name = PrimeiroProjetoViewCode;
			productName = PrimeiroProjetoViewCode;
			productReference = 939DE09C29C6ABBC002337AF /* PrimeiroProjetoViewCode.app */;
			productType = "com.apple.product-type.application";
		};
/* End PBXNativeTarget section */

/* Begin PBXProject section */
		939DE09429C6ABBC002337AF /* Project object */ = {
			isa = PBXProject;
			attributes = {
				BuildIndependentTargetsInParallel = 1;
				LastSwiftUpdateCheck = 1420;
				LastUpgradeCheck = 1420;
				TargetAttributes = {
					939DE09B29C6ABBC002337AF = {
						CreatedOnToolsVersion = 14.2;
					};
				};
			};
			buildConfigurationList = 939DE09729C6ABBC002337AF /* Build configuration list for PBXProject "PrimeiroProjetoViewCode" */;
			compatibilityVersion = "Xcode 14.0";
			developmentRegion = en;
			hasScannedForEncodings = 0;
			knownRegions = (
				en,
				Base,
			);
			mainGroup = 939DE09329C6ABBC002337AF;
			productRefGroup = 939DE09D29C6ABBC002337AF /* Products */;
			projectDirPath = "";
			projectRoot = "";
			targets = (
				939DE09B29C6ABBC002337AF /* PrimeiroProjetoViewCode */,
			);
		};
/* End PBXProject section */

/* Begin PBXResourcesBuildPhase section */
		939DE09A29C6ABBC002337AF /* Resources */ = {
			isa = PBXResourcesBuildPhase;
			buildActionMask = 2147483647;
			files = (
				939DE0AC29C6ABBC002337AF /* LaunchScreen.storyboard in Resources */,
				939DE0A929C6ABBC002337AF /* Assets.xcassets in Resources */,
			);
			runOnlyForDeploymentPostprocessing = 0;
		};
/* End PBXResourcesBuildPhase section */

/* Begin PBXShellScriptBuildPhase section */
		45139A63BB73569EC68DCEA5 /* [CP] Check Pods Manifest.lock */ = {
			isa = PBXShellScriptBuildPhase;
			buildActionMask = 2147483647;
			files = (
			);
			inputFileListPaths = (
			);
			inputPaths = (
				"${PODS_PODFILE_DIR_PATH}/Podfile.lock",
				"${PODS_ROOT}/Manifest.lock",
			);
			name = "[CP] Check Pods Manifest.lock";
			outputFileListPaths = (
			);
			outputPaths = (
				"$(DERIVED_FILE_DIR)/Pods-PrimeiroProjetoViewCode-checkManifestLockResult.txt",
			);
			runOnlyForDeploymentPostprocessing = 0;
			shellPath = /bin/sh;
			shellScript = "diff \"${PODS_PODFILE_DIR_PATH}/Podfile.lock\" \"${PODS_ROOT}/Manifest.lock\" > /dev/null\nif [ $? != 0 ] ; then\n    # print error to STDERR\n    echo \"error: The sandbox is not in sync with the Podfile.lock. Run 'pod install' or update your CocoaPods installation.\" >&2\n    exit 1\nfi\n# This output is used by Xcode 'outputs' to avoid re-running this script phase.\necho \"SUCCESS\" > \"${SCRIPT_OUTPUT_FILE_0}\"\n";
			showEnvVarsInLog = 0;
		};
		C5FF05BC9D608BB1FFFEC133 /* [CP] Embed Pods Frameworks */ = {
			isa = PBXShellScriptBuildPhase;
			buildActionMask = 2147483647;
			files = (
			);
			inputFileListPaths = (
				"${PODS_ROOT}/Target Support Files/Pods-PrimeiroProjetoViewCode/Pods-PrimeiroProjetoViewCode-frameworks-${CONFIGURATION}-input-files.xcfilelist",
			);
			name = "[CP] Embed Pods Frameworks";
			outputFileListPaths = (
				"${PODS_ROOT}/Target Support Files/Pods-PrimeiroProjetoViewCode/Pods-PrimeiroProjetoViewCode-frameworks-${CONFIGURATION}-output-files.xcfilelist",
			);
			runOnlyForDeploymentPostprocessing = 0;
			shellPath = /bin/sh;
			shellScript = "\"${PODS_ROOT}/Target Support Files/Pods-PrimeiroProjetoViewCode/Pods-PrimeiroProjetoViewCode-frameworks.sh\"\n";
			showEnvVarsInLog = 0;
		};
/* End PBXShellScriptBuildPhase section */

/* Begin PBXSourcesBuildPhase section */
		939DE09829C6ABBC002337AF /* Sources */ = {
			isa = PBXSourcesBuildPhase;
			buildActionMask = 2147483647;
			files = (
				939DE0A029C6ABBC002337AF /* AppDelegate.swift in Sources */,
				939DE0BD29C6AD46002337AF /* LoginVC.swift in Sources */,
				939DE0B629C6AC49002337AF /* HomeVC.swift in Sources */,
				939DE0A229C6ABBC002337AF /* SceneDelegate.swift in Sources */,
				939DE0BA29C6ACDC002337AF /* LoginScreen.swift in Sources */,
			);
			runOnlyForDeploymentPostprocessing = 0;
		};
/* End PBXSourcesBuildPhase section */

/* Begin PBXVariantGroup section */
		939DE0AA29C6ABBC002337AF /* LaunchScreen.storyboard */ = {
			isa = PBXVariantGroup;
			children = (
				939DE0AB29C6ABBC002337AF /* Base */,
			);
			name = LaunchScreen.storyboard;
			sourceTree = "<group>";
		};
/* End PBXVariantGroup section */

/* Begin XCBuildConfiguration section */
		939DE0AE29C6ABBC002337AF /* Debug */ = {
			isa = XCBuildConfiguration;
			buildSettings = {
				ALWAYS_SEARCH_USER_PATHS = NO;
				CLANG_ANALYZER_NONNULL = YES;
				CLANG_ANALYZER_NUMBER_OBJECT_CONVERSION = YES_AGGRESSIVE;
				CLANG_CXX_LANGUAGE_STANDARD = "gnu++20";
				CLANG_ENABLE_MODULES = YES;
				CLANG_ENABLE_OBJC_ARC = YES;
				CLANG_ENABLE_OBJC_WEAK = YES;
				CLANG_WARN_BLOCK_CAPTURE_AUTORELEASING = YES;
				CLANG_WARN_BOOL_CONVERSION = YES;
				CLANG_WARN_COMMA = YES;
				CLANG_WARN_CONSTANT_CONVERSION = YES;
				CLANG_WARN_DEPRECATED_OBJC_IMPLEMENTATIONS = YES;
				CLANG_WARN_DIRECT_OBJC_ISA_USAGE = YES_ERROR;
				CLANG_WARN_DOCUMENTATION_COMMENTS = YES;
				CLANG_WARN_EMPTY_BODY = YES;
				CLANG_WARN_ENUM_CONVERSION = YES;
				CLANG_WARN_INFINITE_RECURSION = YES;
				CLANG_WARN_INT_CONVERSION = YES;
				CLANG_WARN_NON_LITERAL_NULL_CONVERSION = YES;
				CLANG_WARN_OBJC_IMPLICIT_RETAIN_SELF = YES;
				CLANG_WARN_OBJC_LITERAL_CONVERSION = YES;
				CLANG_WARN_OBJC_ROOT_CLASS = YES_ERROR;
				CLANG_WARN_QUOTED_INCLUDE_IN_FRAMEWORK_HEADER = YES;
				CLANG_WARN_RANGE_LOOP_ANALYSIS = YES;
				CLANG_WARN_STRICT_PROTOTYPES = YES;
				CLANG_WARN_SUSPICIOUS_MOVE = YES;
				CLANG_WARN_UNGUARDED_AVAILABILITY = YES_AGGRESSIVE;
				CLANG_WARN_UNREACHABLE_CODE = YES;
				CLANG_WARN__DUPLICATE_METHOD_MATCH = YES;
				COPY_PHASE_STRIP = NO;
				DEBUG_INFORMATION_FORMAT = dwarf;
				ENABLE_STRICT_OBJC_MSGSEND = YES;
				ENABLE_TESTABILITY = YES;
				GCC_C_LANGUAGE_STANDARD = gnu11;
				GCC_DYNAMIC_NO_PIC = NO;
				GCC_NO_COMMON_BLOCKS = YES;
				GCC_OPTIMIZATION_LEVEL = 0;
				GCC_PREPROCESSOR_DEFINITIONS = (
					"DEBUG=1",
					"$(inherited)",
				);
				GCC_WARN_64_TO_32_BIT_CONVERSION = YES;
				GCC_WARN_ABOUT_RETURN_TYPE = YES_ERROR;
				GCC_WARN_UNDECLARED_SELECTOR = YES;
				GCC_WARN_UNINITIALIZED_AUTOS = YES_AGGRESSIVE;
				GCC_WARN_UNUSED_FUNCTION = YES;
				GCC_WARN_UNUSED_VARIABLE = YES;
				IPHONEOS_DEPLOYMENT_TARGET = 16.2;
				MTL_ENABLE_DEBUG_INFO = INCLUDE_SOURCE;
				MTL_FAST_MATH = YES;
				ONLY_ACTIVE_ARCH = YES;
				SDKROOT = iphoneos;
				SWIFT_ACTIVE_COMPILATION_CONDITIONS = DEBUG;
				SWIFT_OPTIMIZATION_LEVEL = "-Onone";
			};
			name = Debug;
		};
		939DE0AF29C6ABBC002337AF /* Release */ = {
			isa = XCBuildConfiguration;
			buildSettings = {
				ALWAYS_SEARCH_USER_PATHS = NO;
				CLANG_ANALYZER_NONNULL = YES;
				CLANG_ANALYZER_NUMBER_OBJECT_CONVERSION = YES_AGGRESSIVE;
				CLANG_CXX_LANGUAGE_STANDARD = "gnu++20";
				CLANG_ENABLE_MODULES = YES;
				CLANG_ENABLE_OBJC_ARC = YES;
				CLANG_ENABLE_OBJC_WEAK = YES;
				CLANG_WARN_BLOCK_CAPTURE_AUTORELEASING = YES;
				CLANG_WARN_BOOL_CONVERSION = YES;
				CLANG_WARN_COMMA = YES;
				CLANG_WARN_CONSTANT_CONVERSION = YES;
				CLANG_WARN_DEPRECATED_OBJC_IMPLEMENTATIONS = YES;
				CLANG_WARN_DIRECT_OBJC_ISA_USAGE = YES_ERROR;
				CLANG_WARN_DOCUMENTATION_COMMENTS = YES;
				CLANG_WARN_EMPTY_BODY = YES;
				CLANG_WARN_ENUM_CONVERSION = YES;
				CLANG_WARN_INFINITE_RECURSION = YES;
				CLANG_WARN_INT_CONVERSION = YES;
				CLANG_WARN_NON_LITERAL_NULL_CONVERSION = YES;
				CLANG_WARN_OBJC_IMPLICIT_RETAIN_SELF = YES;
				CLANG_WARN_OBJC_LITERAL_CONVERSION = YES;
				CLANG_WARN_OBJC_ROOT_CLASS = YES_ERROR;
				CLANG_WARN_QUOTED_INCLUDE_IN_FRAMEWORK_HEADER = YES;
				CLANG_WARN_RANGE_LOOP_ANALYSIS = YES;
				CLANG_WARN_STRICT_PROTOTYPES = YES;
				CLANG_WARN_SUSPICIOUS_MOVE = YES;
				CLANG_WARN_UNGUARDED_AVAILABILITY = YES_AGGRESSIVE;
				CLANG_WARN_UNREACHABLE_CODE = YES;
				CLANG_WARN__DUPLICATE_METHOD_MATCH = YES;
				COPY_PHASE_STRIP = NO;
				DEBUG_INFORMATION_FORMAT = "dwarf-with-dsym";
				ENABLE_NS_ASSERTIONS = NO;
				ENABLE_STRICT_OBJC_MSGSEND = YES;
				GCC_C_LANGUAGE_STANDARD = gnu11;
				GCC_NO_COMMON_BLOCKS = YES;
				GCC_WARN_64_TO_32_BIT_CONVERSION = YES;
				GCC_WARN_ABOUT_RETURN_TYPE = YES_ERROR;
				GCC_WARN_UNDECLARED_SELECTOR = YES;
				GCC_WARN_UNINITIALIZED_AUTOS = YES_AGGRESSIVE;
				GCC_WARN_UNUSED_FUNCTION = YES;
				GCC_WARN_UNUSED_VARIABLE = YES;
				IPHONEOS_DEPLOYMENT_TARGET = 16.2;
				MTL_ENABLE_DEBUG_INFO = NO;
				MTL_FAST_MATH = YES;
				SDKROOT = iphoneos;
				SWIFT_COMPILATION_MODE = wholemodule;
				SWIFT_OPTIMIZATION_LEVEL = "-O";
				VALIDATE_PRODUCT = YES;
			};
			name = Release;
		};
		939DE0B129C6ABBC002337AF /* Debug */ = {
			isa = XCBuildConfiguration;
			baseConfigurationReference = 9F881A247FCB336BBBA5E981 /* Pods-PrimeiroProjetoViewCode.debug.xcconfig */;
			buildSettings = {
				ASSETCATALOG_COMPILER_APPICON_NAME = AppIcon;
				ASSETCATALOG_COMPILER_GLOBAL_ACCENT_COLOR_NAME = AccentColor;
				CODE_SIGN_STYLE = Automatic;
				CURRENT_PROJECT_VERSION = 1;
				DEVELOPMENT_TEAM = 4PQRRUMYY2;
				GENERATE_INFOPLIST_FILE = YES;
				INFOPLIST_FILE = PrimeiroProjetoViewCode/Info.plist;
				INFOPLIST_KEY_UIApplicationSupportsIndirectInputEvents = YES;
				INFOPLIST_KEY_UILaunchStoryboardName = LaunchScreen;
				INFOPLIST_KEY_UISupportedInterfaceOrientations_iPad = "UIInterfaceOrientationPortrait UIInterfaceOrientationPortraitUpsideDown UIInterfaceOrientationLandscapeLeft UIInterfaceOrientationLandscapeRight";
				INFOPLIST_KEY_UISupportedInterfaceOrientations_iPhone = "UIInterfaceOrientationPortrait UIInterfaceOrientationLandscapeLeft UIInterfaceOrientationLandscapeRight";
				LD_RUNPATH_SEARCH_PATHS = (
					"$(inherited)",
					"@executable_path/Frameworks",
				);
				MARKETING_VERSION = 1.0;
				PRODUCT_BUNDLE_IDENTIFIER = br.com.alessandre.PrimeiroProjetoViewCode;
				PRODUCT_NAME = "$(TARGET_NAME)";
				SWIFT_EMIT_LOC_STRINGS = YES;
				SWIFT_VERSION = 5.0;
				TARGETED_DEVICE_FAMILY = "1,2";
			};
			name = Debug;
		};
		939DE0B229C6ABBC002337AF /* Release */ = {
			isa = XCBuildConfiguration;
			baseConfigurationReference = 8108666DEA1C1F50250F2EC0 /* Pods-PrimeiroProjetoViewCode.release.xcconfig */;
			buildSettings = {
				ASSETCATALOG_COMPILER_APPICON_NAME = AppIcon;
				ASSETCATALOG_COMPILER_GLOBAL_ACCENT_COLOR_NAME = AccentColor;
				CODE_SIGN_STYLE = Automatic;
				CURRENT_PROJECT_VERSION = 1;
				DEVELOPMENT_TEAM = 4PQRRUMYY2;
				GENERATE_INFOPLIST_FILE = YES;
				INFOPLIST_FILE = PrimeiroProjetoViewCode/Info.plist;
				INFOPLIST_KEY_UIApplicationSupportsIndirectInputEvents = YES;
				INFOPLIST_KEY_UILaunchStoryboardName = LaunchScreen;
				INFOPLIST_KEY_UISupportedInterfaceOrientations_iPad = "UIInterfaceOrientationPortrait UIInterfaceOrientationPortraitUpsideDown UIInterfaceOrientationLandscapeLeft UIInterfaceOrientationLandscapeRight";
				INFOPLIST_KEY_UISupportedInterfaceOrientations_iPhone = "UIInterfaceOrientationPortrait UIInterfaceOrientationLandscapeLeft UIInterfaceOrientationLandscapeRight";
				LD_RUNPATH_SEARCH_PATHS = (
					"$(inherited)",
					"@executable_path/Frameworks",
				);
				MARKETING_VERSION = 1.0;
				PRODUCT_BUNDLE_IDENTIFIER = br.com.alessandre.PrimeiroProjetoViewCode;
				PRODUCT_NAME = "$(TARGET_NAME)";
				SWIFT_EMIT_LOC_STRINGS = YES;
				SWIFT_VERSION = 5.0;
				TARGETED_DEVICE_FAMILY = "1,2";
			};
			name = Release;
		};
/* End XCBuildConfiguration section */

/* Begin XCConfigurationList section */
		939DE09729C6ABBC002337AF /* Build configuration list for PBXProject "PrimeiroProjetoViewCode" */ = {
			isa = XCConfigurationList;
			buildConfigurations = (
				939DE0AE29C6ABBC002337AF /* Debug */,
				939DE0AF29C6ABBC002337AF /* Release */,
			);
			defaultConfigurationIsVisible = 0;
			defaultConfigurationName = Release;
		};
		939DE0B029C6ABBC002337AF /* Build configuration list for PBXNativeTarget "PrimeiroProjetoViewCode" */ = {
			isa = XCConfigurationList;
			buildConfigurations = (
				939DE0B129C6ABBC002337AF /* Debug */,
				939DE0B229C6ABBC002337AF /* Release */,
			);
			defaultConfigurationIsVisible = 0;
			defaultConfigurationName = Release;
		};
/* End XCConfigurationList section */
	};
	rootObject = 939DE09429C6ABBC002337AF /* Project object */;
}
