// !$*UTF8*$!
{
	archiveVersion = 1;
	classes = {
	};
	objectVersion = 56;
	objects = {

/* Begin PBXBuildFile section */
		932C913C299AAE46000A169D /* AppDelegate.swift in Sources */ = {isa = PBXBuildFile; fileRef = 932C913B299AAE46000A169D /* AppDelegate.swift */; };
		932C913E299AAE46000A169D /* SceneDelegate.swift in Sources */ = {isa = PBXBuildFile; fileRef = 932C913D299AAE46000A169D /* SceneDelegate.swift */; };
		932C9140299AAE46000A169D /* Tela01VC.swift in Sources */ = {isa = PBXBuildFile; fileRef = 932C913F299AAE46000A169D /* Tela01VC.swift */; };
		932C9143299AAE46000A169D /* Main.storyboard in Resources */ = {isa = PBXBuildFile; fileRef = 932C9141299AAE46000A169D /* Main.storyboard */; };
		932C9145299AAE47000A169D /* Assets.xcassets in Resources */ = {isa = PBXBuildFile; fileRef = 932C9144299AAE47000A169D /* Assets.xcassets */; };
		932C9148299AAE47000A169D /* LaunchScreen.storyboard in Resources */ = {isa = PBXBuildFile; fileRef = 932C9146299AAE47000A169D /* LaunchScreen.storyboard */; };
		932C9150299AAF13000A169D /* TabBarController.swift in Sources */ = {isa = PBXBuildFile; fileRef = 932C914F299AAF13000A169D /* TabBarController.swift */; };
		932C9152299AB234000A169D /* Tela02VC.swift in Sources */ = {isa = PBXBuildFile; fileRef = 932C9151299AB234000A169D /* Tela02VC.swift */; };
		932C9154299AB254000A169D /* Tela03VC.swift in Sources */ = {isa = PBXBuildFile; fileRef = 932C9153299AB254000A169D /* Tela03VC.swift */; };
		932C9158299AD0AC000A169D /* CustomTableViewCell.swift in Sources */ = {isa = PBXBuildFile; fileRef = 932C9156299AD0AC000A169D /* CustomTableViewCell.swift */; };
		932C9159299AD0AC000A169D /* CustomTableViewCell.xib in Resources */ = {isa = PBXBuildFile; fileRef = 932C9157299AD0AC000A169D /* CustomTableViewCell.xib */; };
		932C915C299ADAD9000A169D /* Profile.swift in Sources */ = {isa = PBXBuildFile; fileRef = 932C915B299ADAD9000A169D /* Profile.swift */; };
		932C915F299AF81D000A169D /* AlertController.swift in Sources */ = {isa = PBXBuildFile; fileRef = 932C915E299AF81D000A169D /* AlertController.swift */; };
/* End PBXBuildFile section */

/* Begin PBXFileReference section */
		932C9138299AAE46000A169D /* DesafioTabBar.app */ = {isa = PBXFileReference; explicitFileType = wrapper.application; includeInIndex = 0; path = DesafioTabBar.app; sourceTree = BUILT_PRODUCTS_DIR; };
		932C913B299AAE46000A169D /* AppDelegate.swift */ = {isa = PBXFileReference; lastKnownFileType = sourcecode.swift; path = AppDelegate.swift; sourceTree = "<group>"; };
		932C913D299AAE46000A169D /* SceneDelegate.swift */ = {isa = PBXFileReference; lastKnownFileType = sourcecode.swift; path = SceneDelegate.swift; sourceTree = "<group>"; };
		932C913F299AAE46000A169D /* Tela01VC.swift */ = {isa = PBXFileReference; lastKnownFileType = sourcecode.swift; path = Tela01VC.swift; sourceTree = "<group>"; };
		932C9142299AAE46000A169D /* Base */ = {isa = PBXFileReference; lastKnownFileType = file.storyboard; name = Base; path = Base.lproj/Main.storyboard; sourceTree = "<group>"; };
		932C9144299AAE47000A169D /* Assets.xcassets */ = {isa = PBXFileReference; lastKnownFileType = folder.assetcatalog; path = Assets.xcassets; sourceTree = "<group>"; };
		932C9147299AAE47000A169D /* Base */ = {isa = PBXFileReference; lastKnownFileType = file.storyboard; name = Base; path = Base.lproj/LaunchScreen.storyboard; sourceTree = "<group>"; };
		932C9149299AAE47000A169D /* Info.plist */ = {isa = PBXFileReference; lastKnownFileType = text.plist.xml; path = Info.plist; sourceTree = "<group>"; };
		932C914F299AAF13000A169D /* TabBarController.swift */ = {isa = PBXFileReference; lastKnownFileType = sourcecode.swift; path = TabBarController.swift; sourceTree = "<group>"; };
		932C9151299AB234000A169D /* Tela02VC.swift */ = {isa = PBXFileReference; lastKnownFileType = sourcecode.swift; path = Tela02VC.swift; sourceTree = "<group>"; };
		932C9153299AB254000A169D /* Tela03VC.swift */ = {isa = PBXFileReference; lastKnownFileType = sourcecode.swift; path = Tela03VC.swift; sourceTree = "<group>"; };
		932C9156299AD0AC000A169D /* CustomTableViewCell.swift */ = {isa = PBXFileReference; lastKnownFileType = sourcecode.swift; path = CustomTableViewCell.swift; sourceTree = "<group>"; };
		932C9157299AD0AC000A169D /* CustomTableViewCell.xib */ = {isa = PBXFileReference; lastKnownFileType = file.xib; path = CustomTableViewCell.xib; sourceTree = "<group>"; };
		932C915B299ADAD9000A169D /* Profile.swift */ = {isa = PBXFileReference; lastKnownFileType = sourcecode.swift; path = Profile.swift; sourceTree = "<group>"; };
		932C915E299AF81D000A169D /* AlertController.swift */ = {isa = PBXFileReference; lastKnownFileType = sourcecode.swift; path = AlertController.swift; sourceTree = "<group>"; };
/* End PBXFileReference section */

/* Begin PBXFrameworksBuildPhase section */
		932C9135299AAE46000A169D /* Frameworks */ = {
			isa = PBXFrameworksBuildPhase;
			buildActionMask = 2147483647;
			files = (
			);
			runOnlyForDeploymentPostprocessing = 0;
		};
/* End PBXFrameworksBuildPhase section */

/* Begin PBXGroup section */
		932C912F299AAE46000A169D = {
			isa = PBXGroup;
			children = (
				932C913A299AAE46000A169D /* DesafioTabBar */,
				932C9139299AAE46000A169D /* Products */,
			);
			sourceTree = "<group>";
		};
		932C9139299AAE46000A169D /* Products */ = {
			isa = PBXGroup;
			children = (
				932C9138299AAE46000A169D /* DesafioTabBar.app */,
			);
			name = Products;
			sourceTree = "<group>";
		};
		932C913A299AAE46000A169D /* DesafioTabBar */ = {
			isa = PBXGroup;
			children = (
				932C915D299AF7F0000A169D /* AlertController */,
				932C915A299ADAC0000A169D /* Model */,
				932C9155299AD06E000A169D /* Cell */,
				932C913B299AAE46000A169D /* AppDelegate.swift */,
				932C913D299AAE46000A169D /* SceneDelegate.swift */,
				932C9153299AB254000A169D /* Tela03VC.swift */,
				932C9151299AB234000A169D /* Tela02VC.swift */,
				932C913F299AAE46000A169D /* Tela01VC.swift */,
				932C914F299AAF13000A169D /* TabBarController.swift */,
				932C9141299AAE46000A169D /* Main.storyboard */,
				932C9144299AAE47000A169D /* Assets.xcassets */,
				932C9146299AAE47000A169D /* LaunchScreen.storyboard */,
				932C9149299AAE47000A169D /* Info.plist */,
			);
			path = DesafioTabBar;
			sourceTree = "<group>";
		};
		932C9155299AD06E000A169D /* Cell */ = {
			isa = PBXGroup;
			children = (
				932C9156299AD0AC000A169D /* CustomTableViewCell.swift */,
				932C9157299AD0AC000A169D /* CustomTableViewCell.xib */,
			);
			path = Cell;
			sourceTree = "<group>";
		};
		932C915A299ADAC0000A169D /* Model */ = {
			isa = PBXGroup;
			children = (
				932C915B299ADAD9000A169D /* Profile.swift */,
			);
			path = Model;
			sourceTree = "<group>";
		};
		932C915D299AF7F0000A169D /* AlertController */ = {
			isa = PBXGroup;
			children = (
				932C915E299AF81D000A169D /* AlertController.swift */,
			);
			path = AlertController;
			sourceTree = "<group>";
		};
/* End PBXGroup section */

/* Begin PBXNativeTarget section */
		932C9137299AAE46000A169D /* DesafioTabBar */ = {
			isa = PBXNativeTarget;
			buildConfigurationList = 932C914C299AAE47000A169D /* Build configuration list for PBXNativeTarget "DesafioTabBar" */;
			buildPhases = (
				932C9134299AAE46000A169D /* Sources */,
				932C9135299AAE46000A169D /* Frameworks */,
				932C9136299AAE46000A169D /* Resources */,
			);
			buildRules = (
			);
			dependencies = (
			);
			name = DesafioTabBar;
			productName = DesafioTabBar;
			productReference = 932C9138299AAE46000A169D /* DesafioTabBar.app */;
			productType = "com.apple.product-type.application";
		};
/* End PBXNativeTarget section */

/* Begin PBXProject section */
		932C9130299AAE46000A169D /* Project object */ = {
			isa = PBXProject;
			attributes = {
				BuildIndependentTargetsInParallel = 1;
				LastSwiftUpdateCheck = 1420;
				LastUpgradeCheck = 1420;
				TargetAttributes = {
					932C9137299AAE46000A169D = {
						CreatedOnToolsVersion = 14.2;
					};
				};
			};
			buildConfigurationList = 932C9133299AAE46000A169D /* Build configuration list for PBXProject "DesafioTabBar" */;
			compatibilityVersion = "Xcode 14.0";
			developmentRegion = en;
			hasScannedForEncodings = 0;
			knownRegions = (
				en,
				Base,
			);
			mainGroup = 932C912F299AAE46000A169D;
			productRefGroup = 932C9139299AAE46000A169D /* Products */;
			projectDirPath = "";
			projectRoot = "";
			targets = (
				932C9137299AAE46000A169D /* DesafioTabBar */,
			);
		};
/* End PBXProject section */

/* Begin PBXResourcesBuildPhase section */
		932C9136299AAE46000A169D /* Resources */ = {
			isa = PBXResourcesBuildPhase;
			buildActionMask = 2147483647;
			files = (
				932C9148299AAE47000A169D /* LaunchScreen.storyboard in Resources */,
				932C9145299AAE47000A169D /* Assets.xcassets in Resources */,
				932C9159299AD0AC000A169D /* CustomTableViewCell.xib in Resources */,
				932C9143299AAE46000A169D /* Main.storyboard in Resources */,
			);
			runOnlyForDeploymentPostprocessing = 0;
		};
/* End PBXResourcesBuildPhase section */

/* Begin PBXSourcesBuildPhase section */
		932C9134299AAE46000A169D /* Sources */ = {
			isa = PBXSourcesBuildPhase;
			buildActionMask = 2147483647;
			files = (
				932C9140299AAE46000A169D /* Tela01VC.swift in Sources */,
				932C915F299AF81D000A169D /* AlertController.swift in Sources */,
				932C915C299ADAD9000A169D /* Profile.swift in Sources */,
				932C9150299AAF13000A169D /* TabBarController.swift in Sources */,
				932C9152299AB234000A169D /* Tela02VC.swift in Sources */,
				932C9158299AD0AC000A169D /* CustomTableViewCell.swift in Sources */,
				932C9154299AB254000A169D /* Tela03VC.swift in Sources */,
				932C913C299AAE46000A169D /* AppDelegate.swift in Sources */,
				932C913E299AAE46000A169D /* SceneDelegate.swift in Sources */,
			);
			runOnlyForDeploymentPostprocessing = 0;
		};
/* End PBXSourcesBuildPhase section */

/* Begin PBXVariantGroup section */
		932C9141299AAE46000A169D /* Main.storyboard */ = {
			isa = PBXVariantGroup;
			children = (
				932C9142299AAE46000A169D /* Base */,
			);
			name = Main.storyboard;
			sourceTree = "<group>";
		};
		932C9146299AAE47000A169D /* LaunchScreen.storyboard */ = {
			isa = PBXVariantGroup;
			children = (
				932C9147299AAE47000A169D /* Base */,
			);
			name = LaunchScreen.storyboard;
			sourceTree = "<group>";
		};
/* End PBXVariantGroup section */

/* Begin XCBuildConfiguration section */
		932C914A299AAE47000A169D /* Debug */ = {
			isa = XCBuildConfiguration;
			buildSettings = {
				ALWAYS_SEARCH_USER_PATHS = NO;
				CLANG_ANALYZER_NONNULL = YES;
				CLANG_ANALYZER_NUMBER_OBJECT_CONVERSION = YES_AGGRESSIVE;
				CLANG_CXX_LANGUAGE_STANDARD = "gnu++20";
				CLANG_ENABLE_MODULES = YES;
				CLANG_ENABLE_OBJC_ARC = YES;
				CLANG_ENABLE_OBJC_WEAK = YES;
				CLANG_WARN_BLOCK_CAPTURE_AUTORELEASING = YES;
				CLANG_WARN_BOOL_CONVERSION = YES;
				CLANG_WARN_COMMA = YES;
				CLANG_WARN_CONSTANT_CONVERSION = YES;
				CLANG_WARN_DEPRECATED_OBJC_IMPLEMENTATIONS = YES;
				CLANG_WARN_DIRECT_OBJC_ISA_USAGE = YES_ERROR;
				CLANG_WARN_DOCUMENTATION_COMMENTS = YES;
				CLANG_WARN_EMPTY_BODY = YES;
				CLANG_WARN_ENUM_CONVERSION = YES;
				CLANG_WARN_INFINITE_RECURSION = YES;
				CLANG_WARN_INT_CONVERSION = YES;
				CLANG_WARN_NON_LITERAL_NULL_CONVERSION = YES;
				CLANG_WARN_OBJC_IMPLICIT_RETAIN_SELF = YES;
				CLANG_WARN_OBJC_LITERAL_CONVERSION = YES;
				CLANG_WARN_OBJC_ROOT_CLASS = YES_ERROR;
				CLANG_WARN_QUOTED_INCLUDE_IN_FRAMEWORK_HEADER = YES;
				CLANG_WARN_RANGE_LOOP_ANALYSIS = YES;
				CLANG_WARN_STRICT_PROTOTYPES = YES;
				CLANG_WARN_SUSPICIOUS_MOVE = YES;
				CLANG_WARN_UNGUARDED_AVAILABILITY = YES_AGGRESSIVE;
				CLANG_WARN_UNREACHABLE_CODE = YES;
				CLANG_WARN__DUPLICATE_METHOD_MATCH = YES;
				COPY_PHASE_STRIP = NO;
				DEBUG_INFORMATION_FORMAT = dwarf;
				ENABLE_STRICT_OBJC_MSGSEND = YES;
				ENABLE_TESTABILITY = YES;
				GCC_C_LANGUAGE_STANDARD = gnu11;
				GCC_DYNAMIC_NO_PIC = NO;
				GCC_NO_COMMON_BLOCKS = YES;
				GCC_OPTIMIZATION_LEVEL = 0;
				GCC_PREPROCESSOR_DEFINITIONS = (
					"DEBUG=1",
					"$(inherited)",
				);
				GCC_WARN_64_TO_32_BIT_CONVERSION = YES;
				GCC_WARN_ABOUT_RETURN_TYPE = YES_ERROR;
				GCC_WARN_UNDECLARED_SELECTOR = YES;
				GCC_WARN_UNINITIALIZED_AUTOS = YES_AGGRESSIVE;
				GCC_WARN_UNUSED_FUNCTION = YES;
				GCC_WARN_UNUSED_VARIABLE = YES;
				IPHONEOS_DEPLOYMENT_TARGET = 16.2;
				MTL_ENABLE_DEBUG_INFO = INCLUDE_SOURCE;
				MTL_FAST_MATH = YES;
				ONLY_ACTIVE_ARCH = YES;
				SDKROOT = iphoneos;
				SWIFT_ACTIVE_COMPILATION_CONDITIONS = DEBUG;
				SWIFT_OPTIMIZATION_LEVEL = "-Onone";
			};
			name = Debug;
		};
		932C914B299AAE47000A169D /* Release */ = {
			isa = XCBuildConfiguration;
			buildSettings = {
				ALWAYS_SEARCH_USER_PATHS = NO;
				CLANG_ANALYZER_NONNULL = YES;
				CLANG_ANALYZER_NUMBER_OBJECT_CONVERSION = YES_AGGRESSIVE;
				CLANG_CXX_LANGUAGE_STANDARD = "gnu++20";
				CLANG_ENABLE_MODULES = YES;
				CLANG_ENABLE_OBJC_ARC = YES;
				CLANG_ENABLE_OBJC_WEAK = YES;
				CLANG_WARN_BLOCK_CAPTURE_AUTORELEASING = YES;
				CLANG_WARN_BOOL_CONVERSION = YES;
				CLANG_WARN_COMMA = YES;
				CLANG_WARN_CONSTANT_CONVERSION = YES;
				CLANG_WARN_DEPRECATED_OBJC_IMPLEMENTATIONS = YES;
				CLANG_WARN_DIRECT_OBJC_ISA_USAGE = YES_ERROR;
				CLANG_WARN_DOCUMENTATION_COMMENTS = YES;
				CLANG_WARN_EMPTY_BODY = YES;
				CLANG_WARN_ENUM_CONVERSION = YES;
				CLANG_WARN_INFINITE_RECURSION = YES;
				CLANG_WARN_INT_CONVERSION = YES;
				CLANG_WARN_NON_LITERAL_NULL_CONVERSION = YES;
				CLANG_WARN_OBJC_IMPLICIT_RETAIN_SELF = YES;
				CLANG_WARN_OBJC_LITERAL_CONVERSION = YES;
				CLANG_WARN_OBJC_ROOT_CLASS = YES_ERROR;
				CLANG_WARN_QUOTED_INCLUDE_IN_FRAMEWORK_HEADER = YES;
				CLANG_WARN_RANGE_LOOP_ANALYSIS = YES;
				CLANG_WARN_STRICT_PROTOTYPES = YES;
				CLANG_WARN_SUSPICIOUS_MOVE = YES;
				CLANG_WARN_UNGUARDED_AVAILABILITY = YES_AGGRESSIVE;
				CLANG_WARN_UNREACHABLE_CODE = YES;
				CLANG_WARN__DUPLICATE_METHOD_MATCH = YES;
				COPY_PHASE_STRIP = NO;
				DEBUG_INFORMATION_FORMAT = "dwarf-with-dsym";
				ENABLE_NS_ASSERTIONS = NO;
				ENABLE_STRICT_OBJC_MSGSEND = YES;
				GCC_C_LANGUAGE_STANDARD = gnu11;
				GCC_NO_COMMON_BLOCKS = YES;
				GCC_WARN_64_TO_32_BIT_CONVERSION = YES;
				GCC_WARN_ABOUT_RETURN_TYPE = YES_ERROR;
				GCC_WARN_UNDECLARED_SELECTOR = YES;
				GCC_WARN_UNINITIALIZED_AUTOS = YES_AGGRESSIVE;
				GCC_WARN_UNUSED_FUNCTION = YES;
				GCC_WARN_UNUSED_VARIABLE = YES;
				IPHONEOS_DEPLOYMENT_TARGET = 16.2;
				MTL_ENABLE_DEBUG_INFO = NO;
				MTL_FAST_MATH = YES;
				SDKROOT = iphoneos;
				SWIFT_COMPILATION_MODE = wholemodule;
				SWIFT_OPTIMIZATION_LEVEL = "-O";
				VALIDATE_PRODUCT = YES;
			};
			name = Release;
		};
		932C914D299AAE47000A169D /* Debug */ = {
			isa = XCBuildConfiguration;
			buildSettings = {
				ASSETCATALOG_COMPILER_APPICON_NAME = AppIcon;
				ASSETCATALOG_COMPILER_GLOBAL_ACCENT_COLOR_NAME = AccentColor;
				CODE_SIGN_STYLE = Automatic;
				CURRENT_PROJECT_VERSION = 1;
				DEVELOPMENT_TEAM = 4PQRRUMYY2;
				GENERATE_INFOPLIST_FILE = YES;
				INFOPLIST_FILE = DesafioTabBar/Info.plist;
				INFOPLIST_KEY_UIApplicationSupportsIndirectInputEvents = YES;
				INFOPLIST_KEY_UILaunchStoryboardName = LaunchScreen;
				INFOPLIST_KEY_UIMainStoryboardFile = Main;
				INFOPLIST_KEY_UISupportedInterfaceOrientations_iPad = "UIInterfaceOrientationPortrait UIInterfaceOrientationPortraitUpsideDown UIInterfaceOrientationLandscapeLeft UIInterfaceOrientationLandscapeRight";
				INFOPLIST_KEY_UISupportedInterfaceOrientations_iPhone = "UIInterfaceOrientationPortrait UIInterfaceOrientationLandscapeLeft UIInterfaceOrientationLandscapeRight";
				LD_RUNPATH_SEARCH_PATHS = (
					"$(inherited)",
					"@executable_path/Frameworks",
				);
				MARKETING_VERSION = 1.0;
				PRODUCT_BUNDLE_IDENTIFIER = br.com.alessandre.DesafioTabBar;
				PRODUCT_NAME = "$(TARGET_NAME)";
				SWIFT_EMIT_LOC_STRINGS = YES;
				SWIFT_VERSION = 5.0;
				TARGETED_DEVICE_FAMILY = "1,2";
			};
			name = Debug;
		};
		932C914E299AAE47000A169D /* Release */ = {
			isa = XCBuildConfiguration;
			buildSettings = {
				ASSETCATALOG_COMPILER_APPICON_NAME = AppIcon;
				ASSETCATALOG_COMPILER_GLOBAL_ACCENT_COLOR_NAME = AccentColor;
				CODE_SIGN_STYLE = Automatic;
				CURRENT_PROJECT_VERSION = 1;
				DEVELOPMENT_TEAM = 4PQRRUMYY2;
				GENERATE_INFOPLIST_FILE = YES;
				INFOPLIST_FILE = DesafioTabBar/Info.plist;
				INFOPLIST_KEY_UIApplicationSupportsIndirectInputEvents = YES;
				INFOPLIST_KEY_UILaunchStoryboardName = LaunchScreen;
				INFOPLIST_KEY_UIMainStoryboardFile = Main;
				INFOPLIST_KEY_UISupportedInterfaceOrientations_iPad = "UIInterfaceOrientationPortrait UIInterfaceOrientationPortraitUpsideDown UIInterfaceOrientationLandscapeLeft UIInterfaceOrientationLandscapeRight";
				INFOPLIST_KEY_UISupportedInterfaceOrientations_iPhone = "UIInterfaceOrientationPortrait UIInterfaceOrientationLandscapeLeft UIInterfaceOrientationLandscapeRight";
				LD_RUNPATH_SEARCH_PATHS = (
					"$(inherited)",
					"@executable_path/Frameworks",
				);
				MARKETING_VERSION = 1.0;
				PRODUCT_BUNDLE_IDENTIFIER = br.com.alessandre.DesafioTabBar;
				PRODUCT_NAME = "$(TARGET_NAME)";
				SWIFT_EMIT_LOC_STRINGS = YES;
				SWIFT_VERSION = 5.0;
				TARGETED_DEVICE_FAMILY = "1,2";
			};
			name = Release;
		};
/* End XCBuildConfiguration section */

/* Begin XCConfigurationList section */
		932C9133299AAE46000A169D /* Build configuration list for PBXProject "DesafioTabBar" */ = {
			isa = XCConfigurationList;
			buildConfigurations = (
				932C914A299AAE47000A169D /* Debug */,
				932C914B299AAE47000A169D /* Release */,
			);
			defaultConfigurationIsVisible = 0;
			defaultConfigurationName = Release;
		};
		932C914C299AAE47000A169D /* Build configuration list for PBXNativeTarget "DesafioTabBar" */ = {
			isa = XCConfigurationList;
			buildConfigurations = (
				932C914D299AAE47000A169D /* Debug */,
				932C914E299AAE47000A169D /* Release */,
			);
			defaultConfigurationIsVisible = 0;
			defaultConfigurationName = Release;
		};
/* End XCConfigurationList section */
	};
	rootObject = 932C9130299AAE46000A169D /* Project object */;
}
