// !$*UTF8*$!
{
	archiveVersion = 1;
	classes = {
	};
	objectVersion = 56;
	objects = {

/* Begin PBXBuildFile section */
		939022BE29A5847500B1196F /* AppDelegate.swift in Sources */ = {isa = PBXBuildFile; fileRef = 939022BD29A5847500B1196F /* AppDelegate.swift */; };
		939022C029A5847500B1196F /* SceneDelegate.swift in Sources */ = {isa = PBXBuildFile; fileRef = 939022BF29A5847500B1196F /* SceneDelegate.swift */; };
		939022C229A5847500B1196F /* HomeVC.swift in Sources */ = {isa = PBXBuildFile; fileRef = 939022C129A5847500B1196F /* HomeVC.swift */; };
		939022C729A5847600B1196F /* Assets.xcassets in Resources */ = {isa = PBXBuildFile; fileRef = 939022C629A5847600B1196F /* Assets.xcassets */; };
		939022CA29A5847600B1196F /* LaunchScreen.storyboard in Resources */ = {isa = PBXBuildFile; fileRef = 939022C829A5847600B1196F /* LaunchScreen.storyboard */; };
		939022D529A5869300B1196F /* VCPreview.swift in Sources */ = {isa = PBXBuildFile; fileRef = 939022D429A5869300B1196F /* VCPreview.swift */; };
		939022D729A586A400B1196F /* VPreview.swift in Sources */ = {isa = PBXBuildFile; fileRef = 939022D629A586A400B1196F /* VPreview.swift */; };
		939022D929A58B4500B1196F /* HomeScreen.swift in Sources */ = {isa = PBXBuildFile; fileRef = 939022D829A58B4500B1196F /* HomeScreen.swift */; };
		93B7F1FA29A73BC1002621ED /* SelectionVC.swift in Sources */ = {isa = PBXBuildFile; fileRef = 93B7F1F929A73BC1002621ED /* SelectionVC.swift */; };
		93B7F1FC29A73BE7002621ED /* SelectionScreen.swift in Sources */ = {isa = PBXBuildFile; fileRef = 93B7F1FB29A73BE7002621ED /* SelectionScreen.swift */; };
/* End PBXBuildFile section */

/* Begin PBXFileReference section */
		939022BA29A5847500B1196F /* NotificationCenterProtocolo.app */ = {isa = PBXFileReference; explicitFileType = wrapper.application; includeInIndex = 0; path = NotificationCenterProtocolo.app; sourceTree = BUILT_PRODUCTS_DIR; };
		939022BD29A5847500B1196F /* AppDelegate.swift */ = {isa = PBXFileReference; lastKnownFileType = sourcecode.swift; path = AppDelegate.swift; sourceTree = "<group>"; };
		939022BF29A5847500B1196F /* SceneDelegate.swift */ = {isa = PBXFileReference; lastKnownFileType = sourcecode.swift; path = SceneDelegate.swift; sourceTree = "<group>"; };
		939022C129A5847500B1196F /* HomeVC.swift */ = {isa = PBXFileReference; lastKnownFileType = sourcecode.swift; path = HomeVC.swift; sourceTree = "<group>"; };
		939022C629A5847600B1196F /* Assets.xcassets */ = {isa = PBXFileReference; lastKnownFileType = folder.assetcatalog; path = Assets.xcassets; sourceTree = "<group>"; };
		939022C929A5847600B1196F /* Base */ = {isa = PBXFileReference; lastKnownFileType = file.storyboard; name = Base; path = Base.lproj/LaunchScreen.storyboard; sourceTree = "<group>"; };
		939022CB29A5847600B1196F /* Info.plist */ = {isa = PBXFileReference; lastKnownFileType = text.plist.xml; path = Info.plist; sourceTree = "<group>"; };
		939022D429A5869300B1196F /* VCPreview.swift */ = {isa = PBXFileReference; lastKnownFileType = sourcecode.swift; path = VCPreview.swift; sourceTree = "<group>"; };
		939022D629A586A400B1196F /* VPreview.swift */ = {isa = PBXFileReference; lastKnownFileType = sourcecode.swift; path = VPreview.swift; sourceTree = "<group>"; };
		939022D829A58B4500B1196F /* HomeScreen.swift */ = {isa = PBXFileReference; lastKnownFileType = sourcecode.swift; path = HomeScreen.swift; sourceTree = "<group>"; };
		93B7F1F929A73BC1002621ED /* SelectionVC.swift */ = {isa = PBXFileReference; lastKnownFileType = sourcecode.swift; path = SelectionVC.swift; sourceTree = "<group>"; };
		93B7F1FB29A73BE7002621ED /* SelectionScreen.swift */ = {isa = PBXFileReference; lastKnownFileType = sourcecode.swift; path = SelectionScreen.swift; sourceTree = "<group>"; };
/* End PBXFileReference section */

/* Begin PBXFrameworksBuildPhase section */
		939022B729A5847500B1196F /* Frameworks */ = {
			isa = PBXFrameworksBuildPhase;
			buildActionMask = 2147483647;
			files = (
			);
			runOnlyForDeploymentPostprocessing = 0;
		};
/* End PBXFrameworksBuildPhase section */

/* Begin PBXGroup section */
		939022B129A5847500B1196F = {
			isa = PBXGroup;
			children = (
				939022BC29A5847500B1196F /* NotificationCenterProtocolo */,
				939022BB29A5847500B1196F /* Products */,
			);
			sourceTree = "<group>";
		};
		939022BB29A5847500B1196F /* Products */ = {
			isa = PBXGroup;
			children = (
				939022BA29A5847500B1196F /* NotificationCenterProtocolo.app */,
			);
			name = Products;
			sourceTree = "<group>";
		};
		939022BC29A5847500B1196F /* NotificationCenterProtocolo */ = {
			isa = PBXGroup;
			children = (
				939022D329A5867D00B1196F /* Previews */,
				93B7F1F629A73A89002621ED /* SelectionVC */,
				939022BD29A5847500B1196F /* AppDelegate.swift */,
				939022BF29A5847500B1196F /* SceneDelegate.swift */,
				939022C129A5847500B1196F /* HomeVC.swift */,
				939022D829A58B4500B1196F /* HomeScreen.swift */,
				939022C629A5847600B1196F /* Assets.xcassets */,
				939022C829A5847600B1196F /* LaunchScreen.storyboard */,
				939022CB29A5847600B1196F /* Info.plist */,
			);
			path = NotificationCenterProtocolo;
			sourceTree = "<group>";
		};
		939022D329A5867D00B1196F /* Previews */ = {
			isa = PBXGroup;
			children = (
				939022D429A5869300B1196F /* VCPreview.swift */,
				939022D629A586A400B1196F /* VPreview.swift */,
			);
			path = Previews;
			sourceTree = "<group>";
		};
		93B7F1F629A73A89002621ED /* SelectionVC */ = {
			isa = PBXGroup;
			children = (
				93B7F1F929A73BC1002621ED /* SelectionVC.swift */,
				93B7F1FB29A73BE7002621ED /* SelectionScreen.swift */,
			);
			path = SelectionVC;
			sourceTree = "<group>";
		};
/* End PBXGroup section */

/* Begin PBXNativeTarget section */
		939022B929A5847500B1196F /* NotificationCenterProtocolo */ = {
			isa = PBXNativeTarget;
			buildConfigurationList = 939022CE29A5847600B1196F /* Build configuration list for PBXNativeTarget "NotificationCenterProtocolo" */;
			buildPhases = (
				939022B629A5847500B1196F /* Sources */,
				939022B729A5847500B1196F /* Frameworks */,
				939022B829A5847500B1196F /* Resources */,
			);
			buildRules = (
			);
			dependencies = (
			);
			name = NotificationCenterProtocolo;
			productName = NotificationCenterProtocolo;
			productReference = 939022BA29A5847500B1196F /* NotificationCenterProtocolo.app */;
			productType = "com.apple.product-type.application";
		};
/* End PBXNativeTarget section */

/* Begin PBXProject section */
		939022B229A5847500B1196F /* Project object */ = {
			isa = PBXProject;
			attributes = {
				BuildIndependentTargetsInParallel = 1;
				LastSwiftUpdateCheck = 1420;
				LastUpgradeCheck = 1420;
				TargetAttributes = {
					939022B929A5847500B1196F = {
						CreatedOnToolsVersion = 14.2;
					};
				};
			};
			buildConfigurationList = 939022B529A5847500B1196F /* Build configuration list for PBXProject "NotificationCenterProtocolo" */;
			compatibilityVersion = "Xcode 14.0";
			developmentRegion = en;
			hasScannedForEncodings = 0;
			knownRegions = (
				en,
				Base,
			);
			mainGroup = 939022B129A5847500B1196F;
			productRefGroup = 939022BB29A5847500B1196F /* Products */;
			projectDirPath = "";
			projectRoot = "";
			targets = (
				939022B929A5847500B1196F /* NotificationCenterProtocolo */,
			);
		};
/* End PBXProject section */

/* Begin PBXResourcesBuildPhase section */
		939022B829A5847500B1196F /* Resources */ = {
			isa = PBXResourcesBuildPhase;
			buildActionMask = 2147483647;
			files = (
				939022CA29A5847600B1196F /* LaunchScreen.storyboard in Resources */,
				939022C729A5847600B1196F /* Assets.xcassets in Resources */,
			);
			runOnlyForDeploymentPostprocessing = 0;
		};
/* End PBXResourcesBuildPhase section */

/* Begin PBXSourcesBuildPhase section */
		939022B629A5847500B1196F /* Sources */ = {
			isa = PBXSourcesBuildPhase;
			buildActionMask = 2147483647;
			files = (
				939022C229A5847500B1196F /* HomeVC.swift in Sources */,
				939022D529A5869300B1196F /* VCPreview.swift in Sources */,
				939022D929A58B4500B1196F /* HomeScreen.swift in Sources */,
				939022D729A586A400B1196F /* VPreview.swift in Sources */,
				93B7F1FA29A73BC1002621ED /* SelectionVC.swift in Sources */,
				939022BE29A5847500B1196F /* AppDelegate.swift in Sources */,
				93B7F1FC29A73BE7002621ED /* SelectionScreen.swift in Sources */,
				939022C029A5847500B1196F /* SceneDelegate.swift in Sources */,
			);
			runOnlyForDeploymentPostprocessing = 0;
		};
/* End PBXSourcesBuildPhase section */

/* Begin PBXVariantGroup section */
		939022C829A5847600B1196F /* LaunchScreen.storyboard */ = {
			isa = PBXVariantGroup;
			children = (
				939022C929A5847600B1196F /* Base */,
			);
			name = LaunchScreen.storyboard;
			sourceTree = "<group>";
		};
/* End PBXVariantGroup section */

/* Begin XCBuildConfiguration section */
		939022CC29A5847600B1196F /* Debug */ = {
			isa = XCBuildConfiguration;
			buildSettings = {
				ALWAYS_SEARCH_USER_PATHS = NO;
				CLANG_ANALYZER_NONNULL = YES;
				CLANG_ANALYZER_NUMBER_OBJECT_CONVERSION = YES_AGGRESSIVE;
				CLANG_CXX_LANGUAGE_STANDARD = "gnu++20";
				CLANG_ENABLE_MODULES = YES;
				CLANG_ENABLE_OBJC_ARC = YES;
				CLANG_ENABLE_OBJC_WEAK = YES;
				CLANG_WARN_BLOCK_CAPTURE_AUTORELEASING = YES;
				CLANG_WARN_BOOL_CONVERSION = YES;
				CLANG_WARN_COMMA = YES;
				CLANG_WARN_CONSTANT_CONVERSION = YES;
				CLANG_WARN_DEPRECATED_OBJC_IMPLEMENTATIONS = YES;
				CLANG_WARN_DIRECT_OBJC_ISA_USAGE = YES_ERROR;
				CLANG_WARN_DOCUMENTATION_COMMENTS = YES;
				CLANG_WARN_EMPTY_BODY = YES;
				CLANG_WARN_ENUM_CONVERSION = YES;
				CLANG_WARN_INFINITE_RECURSION = YES;
				CLANG_WARN_INT_CONVERSION = YES;
				CLANG_WARN_NON_LITERAL_NULL_CONVERSION = YES;
				CLANG_WARN_OBJC_IMPLICIT_RETAIN_SELF = YES;
				CLANG_WARN_OBJC_LITERAL_CONVERSION = YES;
				CLANG_WARN_OBJC_ROOT_CLASS = YES_ERROR;
				CLANG_WARN_QUOTED_INCLUDE_IN_FRAMEWORK_HEADER = YES;
				CLANG_WARN_RANGE_LOOP_ANALYSIS = YES;
				CLANG_WARN_STRICT_PROTOTYPES = YES;
				CLANG_WARN_SUSPICIOUS_MOVE = YES;
				CLANG_WARN_UNGUARDED_AVAILABILITY = YES_AGGRESSIVE;
				CLANG_WARN_UNREACHABLE_CODE = YES;
				CLANG_WARN__DUPLICATE_METHOD_MATCH = YES;
				COPY_PHASE_STRIP = NO;
				DEBUG_INFORMATION_FORMAT = dwarf;
				ENABLE_STRICT_OBJC_MSGSEND = YES;
				ENABLE_TESTABILITY = YES;
				GCC_C_LANGUAGE_STANDARD = gnu11;
				GCC_DYNAMIC_NO_PIC = NO;
				GCC_NO_COMMON_BLOCKS = YES;
				GCC_OPTIMIZATION_LEVEL = 0;
				GCC_PREPROCESSOR_DEFINITIONS = (
					"DEBUG=1",
					"$(inherited)",
				);
				GCC_WARN_64_TO_32_BIT_CONVERSION = YES;
				GCC_WARN_ABOUT_RETURN_TYPE = YES_ERROR;
				GCC_WARN_UNDECLARED_SELECTOR = YES;
				GCC_WARN_UNINITIALIZED_AUTOS = YES_AGGRESSIVE;
				GCC_WARN_UNUSED_FUNCTION = YES;
				GCC_WARN_UNUSED_VARIABLE = YES;
				IPHONEOS_DEPLOYMENT_TARGET = 16.2;
				MTL_ENABLE_DEBUG_INFO = INCLUDE_SOURCE;
				MTL_FAST_MATH = YES;
				ONLY_ACTIVE_ARCH = YES;
				SDKROOT = iphoneos;
				SWIFT_ACTIVE_COMPILATION_CONDITIONS = DEBUG;
				SWIFT_OPTIMIZATION_LEVEL = "-Onone";
			};
			name = Debug;
		};
		939022CD29A5847600B1196F /* Release */ = {
			isa = XCBuildConfiguration;
			buildSettings = {
				ALWAYS_SEARCH_USER_PATHS = NO;
				CLANG_ANALYZER_NONNULL = YES;
				CLANG_ANALYZER_NUMBER_OBJECT_CONVERSION = YES_AGGRESSIVE;
				CLANG_CXX_LANGUAGE_STANDARD = "gnu++20";
				CLANG_ENABLE_MODULES = YES;
				CLANG_ENABLE_OBJC_ARC = YES;
				CLANG_ENABLE_OBJC_WEAK = YES;
				CLANG_WARN_BLOCK_CAPTURE_AUTORELEASING = YES;
				CLANG_WARN_BOOL_CONVERSION = YES;
				CLANG_WARN_COMMA = YES;
				CLANG_WARN_CONSTANT_CONVERSION = YES;
				CLANG_WARN_DEPRECATED_OBJC_IMPLEMENTATIONS = YES;
				CLANG_WARN_DIRECT_OBJC_ISA_USAGE = YES_ERROR;
				CLANG_WARN_DOCUMENTATION_COMMENTS = YES;
				CLANG_WARN_EMPTY_BODY = YES;
				CLANG_WARN_ENUM_CONVERSION = YES;
				CLANG_WARN_INFINITE_RECURSION = YES;
				CLANG_WARN_INT_CONVERSION = YES;
				CLANG_WARN_NON_LITERAL_NULL_CONVERSION = YES;
				CLANG_WARN_OBJC_IMPLICIT_RETAIN_SELF = YES;
				CLANG_WARN_OBJC_LITERAL_CONVERSION = YES;
				CLANG_WARN_OBJC_ROOT_CLASS = YES_ERROR;
				CLANG_WARN_QUOTED_INCLUDE_IN_FRAMEWORK_HEADER = YES;
				CLANG_WARN_RANGE_LOOP_ANALYSIS = YES;
				CLANG_WARN_STRICT_PROTOTYPES = YES;
				CLANG_WARN_SUSPICIOUS_MOVE = YES;
				CLANG_WARN_UNGUARDED_AVAILABILITY = YES_AGGRESSIVE;
				CLANG_WARN_UNREACHABLE_CODE = YES;
				CLANG_WARN__DUPLICATE_METHOD_MATCH = YES;
				COPY_PHASE_STRIP = NO;
				DEBUG_INFORMATION_FORMAT = "dwarf-with-dsym";
				ENABLE_NS_ASSERTIONS = NO;
				ENABLE_STRICT_OBJC_MSGSEND = YES;
				GCC_C_LANGUAGE_STANDARD = gnu11;
				GCC_NO_COMMON_BLOCKS = YES;
				GCC_WARN_64_TO_32_BIT_CONVERSION = YES;
				GCC_WARN_ABOUT_RETURN_TYPE = YES_ERROR;
				GCC_WARN_UNDECLARED_SELECTOR = YES;
				GCC_WARN_UNINITIALIZED_AUTOS = YES_AGGRESSIVE;
				GCC_WARN_UNUSED_FUNCTION = YES;
				GCC_WARN_UNUSED_VARIABLE = YES;
				IPHONEOS_DEPLOYMENT_TARGET = 16.2;
				MTL_ENABLE_DEBUG_INFO = NO;
				MTL_FAST_MATH = YES;
				SDKROOT = iphoneos;
				SWIFT_COMPILATION_MODE = wholemodule;
				SWIFT_OPTIMIZATION_LEVEL = "-O";
				VALIDATE_PRODUCT = YES;
			};
			name = Release;
		};
		939022CF29A5847600B1196F /* Debug */ = {
			isa = XCBuildConfiguration;
			buildSettings = {
				ASSETCATALOG_COMPILER_APPICON_NAME = AppIcon;
				ASSETCATALOG_COMPILER_GLOBAL_ACCENT_COLOR_NAME = AccentColor;
				CODE_SIGN_STYLE = Automatic;
				CURRENT_PROJECT_VERSION = 1;
				DEVELOPMENT_TEAM = 4PQRRUMYY2;
				GENERATE_INFOPLIST_FILE = YES;
				INFOPLIST_FILE = NotificationCenterProtocolo/Info.plist;
				INFOPLIST_KEY_UIApplicationSupportsIndirectInputEvents = YES;
				INFOPLIST_KEY_UILaunchStoryboardName = LaunchScreen;
				INFOPLIST_KEY_UISupportedInterfaceOrientations_iPad = "UIInterfaceOrientationPortrait UIInterfaceOrientationPortraitUpsideDown UIInterfaceOrientationLandscapeLeft UIInterfaceOrientationLandscapeRight";
				INFOPLIST_KEY_UISupportedInterfaceOrientations_iPhone = "UIInterfaceOrientationPortrait UIInterfaceOrientationLandscapeLeft UIInterfaceOrientationLandscapeRight";
				LD_RUNPATH_SEARCH_PATHS = (
					"$(inherited)",
					"@executable_path/Frameworks",
				);
				MARKETING_VERSION = 1.0;
				PRODUCT_BUNDLE_IDENTIFIER = br.com.alessandre.NotificationCenterProtocolo;
				PRODUCT_NAME = "$(TARGET_NAME)";
				SUPPORTED_PLATFORMS = "iphoneos iphonesimulator";
				SUPPORTS_MACCATALYST = NO;
				SUPPORTS_MAC_DESIGNED_FOR_IPHONE_IPAD = NO;
				SWIFT_EMIT_LOC_STRINGS = YES;
				SWIFT_VERSION = 5.0;
				TARGETED_DEVICE_FAMILY = 1;
			};
			name = Debug;
		};
		939022D029A5847600B1196F /* Release */ = {
			isa = XCBuildConfiguration;
			buildSettings = {
				ASSETCATALOG_COMPILER_APPICON_NAME = AppIcon;
				ASSETCATALOG_COMPILER_GLOBAL_ACCENT_COLOR_NAME = AccentColor;
				CODE_SIGN_STYLE = Automatic;
				CURRENT_PROJECT_VERSION = 1;
				DEVELOPMENT_TEAM = 4PQRRUMYY2;
				GENERATE_INFOPLIST_FILE = YES;
				INFOPLIST_FILE = NotificationCenterProtocolo/Info.plist;
				INFOPLIST_KEY_UIApplicationSupportsIndirectInputEvents = YES;
				INFOPLIST_KEY_UILaunchStoryboardName = LaunchScreen;
				INFOPLIST_KEY_UISupportedInterfaceOrientations_iPad = "UIInterfaceOrientationPortrait UIInterfaceOrientationPortraitUpsideDown UIInterfaceOrientationLandscapeLeft UIInterfaceOrientationLandscapeRight";
				INFOPLIST_KEY_UISupportedInterfaceOrientations_iPhone = "UIInterfaceOrientationPortrait UIInterfaceOrientationLandscapeLeft UIInterfaceOrientationLandscapeRight";
				LD_RUNPATH_SEARCH_PATHS = (
					"$(inherited)",
					"@executable_path/Frameworks",
				);
				MARKETING_VERSION = 1.0;
				PRODUCT_BUNDLE_IDENTIFIER = br.com.alessandre.NotificationCenterProtocolo;
				PRODUCT_NAME = "$(TARGET_NAME)";
				SUPPORTED_PLATFORMS = "iphoneos iphonesimulator";
				SUPPORTS_MACCATALYST = NO;
				SUPPORTS_MAC_DESIGNED_FOR_IPHONE_IPAD = NO;
				SWIFT_EMIT_LOC_STRINGS = YES;
				SWIFT_VERSION = 5.0;
				TARGETED_DEVICE_FAMILY = 1;
			};
			name = Release;
		};
/* End XCBuildConfiguration section */

/* Begin XCConfigurationList section */
		939022B529A5847500B1196F /* Build configuration list for PBXProject "NotificationCenterProtocolo" */ = {
			isa = XCConfigurationList;
			buildConfigurations = (
				939022CC29A5847600B1196F /* Debug */,
				939022CD29A5847600B1196F /* Release */,
			);
			defaultConfigurationIsVisible = 0;
			defaultConfigurationName = Release;
		};
		939022CE29A5847600B1196F /* Build configuration list for PBXNativeTarget "NotificationCenterProtocolo" */ = {
			isa = XCConfigurationList;
			buildConfigurations = (
				939022CF29A5847600B1196F /* Debug */,
				939022D029A5847600B1196F /* Release */,
			);
			defaultConfigurationIsVisible = 0;
			defaultConfigurationName = Release;
		};
/* End XCConfigurationList section */
	};
	rootObject = 939022B229A5847500B1196F /* Project object */;
}
